// !$*UTF8*$!
{
	archiveVersion = 1;
	classes = {
	};
	objectVersion = 46;
	objects = {

/* Begin PBXBuildFile section */
		9A46A9BF18A13527000188D1 /* Foundation.framework in Frameworks */ = {isa = PBXBuildFile; fileRef = 9A84BA7218A041F7000239A1 /* Foundation.framework */; };
		9A46AA0618A13AE6000188D1 /* lodepng.cpp in Sources */ = {isa = PBXBuildFile; fileRef = 9A84BAB818A0428A000239A1 /* lodepng.cpp */; };
/* End PBXBuildFile section */

/* Begin PBXCopyFilesBuildPhase section */
		9A46A9BC18A13527000188D1 /* CopyFiles */ = {
			isa = PBXCopyFilesBuildPhase;
			buildActionMask = 2147483647;
			dstPath = "include/$(PRODUCT_NAME)";
			dstSubfolderSpec = 16;
			files = (
			);
			runOnlyForDeploymentPostprocessing = 0;
		};
/* End PBXCopyFilesBuildPhase section */

/* Begin PBXFileReference section */
		9A46A9BE18A13527000188D1 /* liblodepng_d.a */ = {isa = PBXFileReference; explicitFileType = archive.ar; includeInIndex = 0; path = liblodepng_d.a; sourceTree = BUILT_PRODUCTS_DIR; };
		9A84BA7218A041F7000239A1 /* Foundation.framework */ = {isa = PBXFileReference; lastKnownFileType = wrapper.framework; name = Foundation.framework; path = System/Library/Frameworks/Foundation.framework; sourceTree = SDKROOT; };
		9A84BA7418A041F7000239A1 /* CoreGraphics.framework */ = {isa = PBXFileReference; lastKnownFileType = wrapper.framework; name = CoreGraphics.framework; path = System/Library/Frameworks/CoreGraphics.framework; sourceTree = SDKROOT; };
		9A84BA7618A041F7000239A1 /* UIKit.framework */ = {isa = PBXFileReference; lastKnownFileType = wrapper.framework; name = UIKit.framework; path = System/Library/Frameworks/UIKit.framework; sourceTree = SDKROOT; };
		9A84BA8B18A041F7000239A1 /* XCTest.framework */ = {isa = PBXFileReference; lastKnownFileType = wrapper.framework; name = XCTest.framework; path = Library/Frameworks/XCTest.framework; sourceTree = DEVELOPER_DIR; };
		9A84BAB618A04283000239A1 /* lodepng.h */ = {isa = PBXFileReference; fileEncoding = 4; lastKnownFileType = sourcecode.c.h; path = lodepng.h; sourceTree = "<group>"; };
		9A84BAB818A0428A000239A1 /* lodepng.cpp */ = {isa = PBXFileReference; explicitFileType = sourcecode.cpp.objcpp; fileEncoding = 4; path = lodepng.cpp; sourceTree = "<group>"; };
/* End PBXFileReference section */

/* Begin PBXFrameworksBuildPhase section */
		9A46A9BB18A13527000188D1 /* Frameworks */ = {
			isa = PBXFrameworksBuildPhase;
			buildActionMask = 2147483647;
			files = (
				9A46A9BF18A13527000188D1 /* Foundation.framework in Frameworks */,
			);
			runOnlyForDeploymentPostprocessing = 0;
		};
/* End PBXFrameworksBuildPhase section */

/* Begin PBXGroup section */
		9A84BA6618A041F7000239A1 = {
			isa = PBXGroup;
			children = (
				9A84BAB718A0428A000239A1 /* src */,
				9A84BAB518A04283000239A1 /* include */,
				9A84BA7118A041F7000239A1 /* Frameworks */,
				9A84BA7018A041F7000239A1 /* Products */,
			);
			sourceTree = "<group>";
		};
		9A84BA7018A041F7000239A1 /* Products */ = {
			isa = PBXGroup;
			children = (
				9A46A9BE18A13527000188D1 /* liblodepng_d.a */,
			);
			name = Products;
			sourceTree = "<group>";
		};
		9A84BA7118A041F7000239A1 /* Frameworks */ = {
			isa = PBXGroup;
			children = (
				9A84BA7218A041F7000239A1 /* Foundation.framework */,
				9A84BA7418A041F7000239A1 /* CoreGraphics.framework */,
				9A84BA7618A041F7000239A1 /* UIKit.framework */,
				9A84BA8B18A041F7000239A1 /* XCTest.framework */,
			);
			name = Frameworks;
			sourceTree = "<group>";
		};
		9A84BAB518A04283000239A1 /* include */ = {
			isa = PBXGroup;
			children = (
				9A84BAB618A04283000239A1 /* lodepng.h */,
			);
			name = include;
			path = ../include;
			sourceTree = "<group>";
		};
		9A84BAB718A0428A000239A1 /* src */ = {
			isa = PBXGroup;
			children = (
				9A84BAB818A0428A000239A1 /* lodepng.cpp */,
			);
			name = src;
			path = ../src;
			sourceTree = "<group>";
		};
/* End PBXGroup section */

/* Begin PBXNativeTarget section */
		9A46A9BD18A13527000188D1 /* lodepng */ = {
			isa = PBXNativeTarget;
			buildConfigurationList = 9A46A9DA18A13528000188D1 /* Build configuration list for PBXNativeTarget "lodepng" */;
			buildPhases = (
				9A46A9BA18A13527000188D1 /* Sources */,
				9A46A9BB18A13527000188D1 /* Frameworks */,
				9A46A9BC18A13527000188D1 /* CopyFiles */,
			);
			buildRules = (
			);
			dependencies = (
			);
			name = lodepng;
			productName = lodepng;
			productReference = 9A46A9BE18A13527000188D1 /* liblodepng_d.a */;
			productType = "com.apple.product-type.library.static";
		};
/* End PBXNativeTarget section */

/* Begin PBXProject section */
		9A84BA6718A041F7000239A1 /* Project object */ = {
			isa = PBXProject;
			attributes = {
				LastUpgradeCheck = 0510;
				ORGANIZATIONNAME = "Alexander Kuznietsov";
			};
			buildConfigurationList = 9A84BA6A18A041F7000239A1 /* Build configuration list for PBXProject "lodepng" */;
			compatibilityVersion = "Xcode 3.2";
			developmentRegion = English;
			hasScannedForEncodings = 0;
			knownRegions = (
				en,
			);
			mainGroup = 9A84BA6618A041F7000239A1;
			productRefGroup = 9A84BA7018A041F7000239A1 /* Products */;
			projectDirPath = "";
			projectRoot = "";
			targets = (
				9A46A9BD18A13527000188D1 /* lodepng */,
			);
		};
/* End PBXProject section */

/* Begin PBXSourcesBuildPhase section */
		9A46A9BA18A13527000188D1 /* Sources */ = {
			isa = PBXSourcesBuildPhase;
			buildActionMask = 2147483647;
			files = (
				9A46AA0618A13AE6000188D1 /* lodepng.cpp in Sources */,
			);
			runOnlyForDeploymentPostprocessing = 0;
		};
/* End PBXSourcesBuildPhase section */

/* Begin XCBuildConfiguration section */
		9A46A9DB18A13528000188D1 /* Debug */ = {
			isa = XCBuildConfiguration;
			buildSettings = {
				ARCHS = "$(ARCHS_STANDARD_INCLUDING_64_BIT)";
				CONFIGURATION_BUILD_DIR = ../../../release/build;
				DSTROOT = /tmp/lodepng.dst;
				GCC_PRECOMPILE_PREFIX_HEADER = NO;
				GCC_PREFIX_HEADER = "";
				GCC_PREPROCESSOR_DEFINITIONS = (
					"DEBUG=1",
					"$(inherited)",
				);
				GCC_WARN_UNINITIALIZED_AUTOS = YES;
				IPHONEOS_DEPLOYMENT_TARGET = 6.0;
				ONLY_ACTIVE_ARCH = NO;
				OTHER_LDFLAGS = "-ObjC";
				PRODUCT_NAME = "$(TARGET_NAME)_d";
				SKIP_INSTALL = YES;
				SYMROOT = build;
			};
			name = Debug;
		};
		9A46A9DC18A13528000188D1 /* Release */ = {
			isa = XCBuildConfiguration;
			buildSettings = {
				ARCHS = "$(ARCHS_STANDARD_INCLUDING_64_BIT)";
				CONFIGURATION_BUILD_DIR = ../../../release/build;
				DSTROOT = /tmp/lodepng.dst;
				GCC_PRECOMPILE_PREFIX_HEADER = NO;
				GCC_PREFIX_HEADER = "";
				GCC_WARN_UNINITIALIZED_AUTOS = YES;
				IPHONEOS_DEPLOYMENT_TARGET = 6.0;
				ONLY_ACTIVE_ARCH = NO;
				OTHER_LDFLAGS = "-ObjC";
				PRODUCT_NAME = "$(TARGET_NAME)";
				SKIP_INSTALL = YES;
				SYMROOT = build;
			};
			name = Release;
		};
		9A84BA9918A041F8000239A1 /* Debug */ = {
			isa = XCBuildConfiguration;
			buildSettings = {
				ALWAYS_SEARCH_USER_PATHS = NO;
				ARCHS = "$(ARCHS_STANDARD_INCLUDING_64_BIT)";
				CLANG_CXX_LANGUAGE_STANDARD = "gnu++0x";
				CLANG_CXX_LIBRARY = "libc++";
				CLANG_ENABLE_MODULES = YES;
				CLANG_ENABLE_OBJC_ARC = YES;
				CLANG_WARN_BOOL_CONVERSION = YES;
				CLANG_WARN_CONSTANT_CONVERSION = YES;
				CLANG_WARN_DIRECT_OBJC_ISA_USAGE = YES_ERROR;
				CLANG_WARN_EMPTY_BODY = YES;
				CLANG_WARN_ENUM_CONVERSION = YES;
				CLANG_WARN_INT_CONVERSION = YES;
				CLANG_WARN_OBJC_ROOT_CLASS = YES_ERROR;
				CLANG_WARN__DUPLICATE_METHOD_MATCH = YES;
				"CODE_SIGN_IDENTITY[sdk=iphoneos*]" = "iPhone Developer";
				COPY_PHASE_STRIP = NO;
				GCC_C_LANGUAGE_STANDARD = gnu99;
				GCC_DYNAMIC_NO_PIC = NO;
				GCC_OPTIMIZATION_LEVEL = 0;
				GCC_PREPROCESSOR_DEFINITIONS = (
					"DEBUG=1",
					"$(inherited)",
				);
				GCC_SYMBOLS_PRIVATE_EXTERN = NO;
				GCC_WARN_64_TO_32_BIT_CONVERSION = YES;
				GCC_WARN_ABOUT_RETURN_TYPE = YES_ERROR;
				GCC_WARN_UNDECLARED_SELECTOR = YES;
				GCC_WARN_UNINITIALIZED_AUTOS = YES_AGGRESSIVE;
				GCC_WARN_UNUSED_FUNCTION = YES;
				GCC_WARN_UNUSED_VARIABLE = YES;
				IPHONEOS_DEPLOYMENT_TARGET = 6.0;
				ONLY_ACTIVE_ARCH = YES;
				SDKROOT = iphoneos;
			};
			name = Debug;
		};
		9A84BA9A18A041F8000239A1 /* Release */ = {
			isa = XCBuildConfiguration;
			buildSettings = {
				ALWAYS_SEARCH_USER_PATHS = NO;
				ARCHS = "$(ARCHS_STANDARD_INCLUDING_64_BIT)";
				CLANG_CXX_LANGUAGE_STANDARD = "gnu++0x";
				CLANG_CXX_LIBRARY = "libc++";
				CLANG_ENABLE_MODULES = YES;
				CLANG_ENABLE_OBJC_ARC = YES;
				CLANG_WARN_BOOL_CONVERSION = YES;
				CLANG_WARN_CONSTANT_CONVERSION = YES;
				CLANG_WARN_DIRECT_OBJC_ISA_USAGE = YES_ERROR;
				CLANG_WARN_EMPTY_BODY = YES;
				CLANG_WARN_ENUM_CONVERSION = YES;
				CLANG_WARN_INT_CONVERSION = YES;
				CLANG_WARN_OBJC_ROOT_CLASS = YES_ERROR;
				CLANG_WARN__DUPLICATE_METHOD_MATCH = YES;
				"CODE_SIGN_IDENTITY[sdk=iphoneos*]" = "iPhone Developer";
				COPY_PHASE_STRIP = YES;
				ENABLE_NS_ASSERTIONS = NO;
				GCC_C_LANGUAGE_STANDARD = gnu99;
				GCC_WARN_64_TO_32_BIT_CONVERSION = YES;
				GCC_WARN_ABOUT_RETURN_TYPE = YES_ERROR;
				GCC_WARN_UNDECLARED_SELECTOR = YES;
				GCC_WARN_UNINITIALIZED_AUTOS = YES_AGGRESSIVE;
				GCC_WARN_UNUSED_FUNCTION = YES;
				GCC_WARN_UNUSED_VARIABLE = YES;
				IPHONEOS_DEPLOYMENT_TARGET = 6.0;
				SDKROOT = iphoneos;
				VALIDATE_PRODUCT = YES;
			};
			name = Release;
		};
/* End XCBuildConfiguration section */

/* Begin XCConfigurationList section */
		9A46A9DA18A13528000188D1 /* Build configuration list for PBXNativeTarget "lodepng" */ = {
			isa = XCConfigurationList;
			buildConfigurations = (
				9A46A9DB18A13528000188D1 /* Debug */,
				9A46A9DC18A13528000188D1 /* Release */,
			);
			defaultConfigurationIsVisible = 0;
			defaultConfigurationName = Release;
		};
		9A84BA6A18A041F7000239A1 /* Build configuration list for PBXProject "lodepng" */ = {
			isa = XCConfigurationList;
			buildConfigurations = (
				9A84BA9918A041F8000239A1 /* Debug */,
				9A84BA9A18A041F8000239A1 /* Release */,
			);
			defaultConfigurationIsVisible = 0;
			defaultConfigurationName = Release;
		};
/* End XCConfigurationList section */
	};
	rootObject = 9A84BA6718A041F7000239A1 /* Project object */;
}
