<?xml version="1.0" encoding="utf-8"?>
<Project ToolsVersion="4.0" xmlns="http://schemas.microsoft.com/developer/msbuild/2003">
  <ItemGroup>
    <Filter Include="win">
      <UniqueIdentifier>{93995380-89BD-4b04-88EB-625FBE52EBFB}</UniqueIdentifier>
      <Extensions>h;hh;hpp;hxx;hm;inl;inc;xsd</Extensions>
    </Filter>
    <Filter Include="game">
      <UniqueIdentifier>{e33896a5-a8dc-4248-a085-7c45b1f5e325}</UniqueIdentifier>
    </Filter>
    <Filter Include="game\Controllers">
      <UniqueIdentifier>{ad4f8f99-8e12-49fb-9567-7eb28a0f65fc}</UniqueIdentifier>
    </Filter>
    <Filter Include="utils">
      <UniqueIdentifier>{00b032b5-c625-4058-b852-67e23386d879}</UniqueIdentifier>
    </Filter>
    <Filter Include="game\States">
      <UniqueIdentifier>{ad3a4dfb-cf70-4243-af10-cc8eb2a289e9}</UniqueIdentifier>
    </Filter>
    <Filter Include="game\Objects">
      <UniqueIdentifier>{3d122578-2dc5-4ec1-b6ce-77160f455009}</UniqueIdentifier>
    </Filter>
    <Filter Include="game\Objects\Shape">
      <UniqueIdentifier>{9ad4764d-20a5-4c7c-9ce8-4a06839acb79}</UniqueIdentifier>
    </Filter>
    <Filter Include="game\Objects\Stars">
      <UniqueIdentifier>{47c9c25e-0d3a-4d34-a2f9-0c84cfd42364}</UniqueIdentifier>
    </Filter>
    <Filter Include="game\Objects\GUI">
      <UniqueIdentifier>{4d206b08-5a99-4dcf-bea5-29f20a387053}</UniqueIdentifier>
    </Filter>
    <Filter Include="game\Objects\Scene">
      <UniqueIdentifier>{3fd1a9ba-fde4-4b70-b7ce-e6751a3eb81d}</UniqueIdentifier>
    </Filter>
    <Filter Include="game\Controllers\Painter">
      <UniqueIdentifier>{81bf4ec4-8b54-4929-9fbe-673b497d876f}</UniqueIdentifier>
    </Filter>
    <Filter Include="game\Controllers\Shader">
      <UniqueIdentifier>{438ca06c-dfd2-4700-80f9-33b8dc6cde2d}</UniqueIdentifier>
    </Filter>
    <Filter Include="game\Controllers\Texture">
      <UniqueIdentifier>{19f75a77-a8d0-441b-96c8-2811adfa73d7}</UniqueIdentifier>
    </Filter>
    <Filter Include="game\Controllers\Sprite">
      <UniqueIdentifier>{19648a74-cc00-4e2d-b156-837d8fb44a81}</UniqueIdentifier>
    </Filter>
    <Filter Include="game\Controllers\Touch">
      <UniqueIdentifier>{15023c84-a648-4780-908d-eab2cdc5bdfb}</UniqueIdentifier>
    </Filter>
    <Filter Include="game\Objects\Animations">
      <UniqueIdentifier>{eb64f686-ef22-4490-b694-66797d0917b9}</UniqueIdentifier>
    </Filter>
    <Filter Include="game\Sounds">
      <UniqueIdentifier>{1e3b699d-9ce0-4204-933f-3bcc38545c32}</UniqueIdentifier>
    </Filter>
    <Filter Include="game\Controllers\Collision">
      <UniqueIdentifier>{e6564826-5b52-4136-b397-c8fda07fc384}</UniqueIdentifier>
    </Filter>
  </ItemGroup>
  <ItemGroup>
    <ClCompile Include="..\..\src\Precompiled.cpp" />
    <ClCompile Include="..\..\src\win\main.cpp">
      <Filter>win</Filter>
    </ClCompile>
    <ClCompile Include="..\..\src\win\EsUtils_win.cpp">
      <Filter>win</Filter>
    </ClCompile>
    <ClCompile Include="..\..\src\utils\FileUtils.cpp">
      <Filter>utils</Filter>
    </ClCompile>
    <ClCompile Include="..\..\src\game\States\StateMachine.cpp">
      <Filter>game\States</Filter>
    </ClCompile>
    <ClCompile Include="..\..\src\game\States\GameplayState.cpp">
      <Filter>game\States</Filter>
    </ClCompile>
    <ClCompile Include="..\..\src\game\Objects\GameObject.cpp">
      <Filter>game\Objects</Filter>
    </ClCompile>
    <ClCompile Include="..\..\src\game\Objects\Shape\Shape.cpp">
      <Filter>game\Objects\Shape</Filter>
    </ClCompile>
    <ClCompile Include="..\..\src\game\Objects\Sprite.cpp">
      <Filter>game\Objects</Filter>
    </ClCompile>
    <ClCompile Include="..\..\src\game\Objects\Stars\Star.cpp">
      <Filter>game\Objects\Stars</Filter>
    </ClCompile>
    <ClCompile Include="..\..\src\game\Objects\GUI\GuiManager.cpp">
      <Filter>game\Objects\GUI</Filter>
    </ClCompile>
    <ClCompile Include="..\..\src\game\Objects\GUI\BasicWidget.cpp">
      <Filter>game\Objects\GUI</Filter>
    </ClCompile>
    <ClCompile Include="..\..\src\game\Objects\GUI\ButtonWidget.cpp">
      <Filter>game\Objects\GUI</Filter>
    </ClCompile>
    <ClCompile Include="..\..\src\game\Objects\GUI\SliderWidget.cpp">
      <Filter>game\Objects\GUI</Filter>
    </ClCompile>
    <ClCompile Include="..\..\src\game\Objects\GUI\Widget.cpp">
      <Filter>game\Objects\GUI</Filter>
    </ClCompile>
    <ClCompile Include="..\..\src\game\Controllers\Painter.cpp">
      <Filter>game\Controllers\Painter</Filter>
    </ClCompile>
    <ClCompile Include="..\..\src\game\Controllers\ShaderManager.cpp">
      <Filter>game\Controllers\Shader</Filter>
    </ClCompile>
    <ClCompile Include="..\..\src\game\Controllers\TextureManager.cpp">
      <Filter>game\Controllers\Texture</Filter>
    </ClCompile>
    <ClCompile Include="..\..\src\game\Controllers\SpriteManager.cpp">
      <Filter>game\Controllers\Sprite</Filter>
    </ClCompile>
    <ClCompile Include="..\..\src\game\Controllers\TouchReceiver.cpp">
      <Filter>game\Controllers\Touch</Filter>
    </ClCompile>
    <ClCompile Include="..\..\src\game\Controllers\TouchManager.cpp">
      <Filter>game\Controllers\Touch</Filter>
    </ClCompile>
    <ClCompile Include="..\..\src\game\Objects\Animations\Animation.cpp">
      <Filter>game\Objects\Animations</Filter>
    </ClCompile>
    <ClCompile Include="..\..\src\game\Objects\Scene\LaserBeam.cpp">
      <Filter>game\Objects\Scene</Filter>
    </ClCompile>
    <ClCompile Include="..\..\src\win\AppDelegate.cpp">
      <Filter>win</Filter>
    </ClCompile>
    <ClCompile Include="..\..\src\game\GameDelegate.cpp">
      <Filter>game</Filter>
    </ClCompile>
    <ClCompile Include="..\..\src\game\Objects\Scene\Collidable.cpp">
      <Filter>game\Objects\Scene</Filter>
    </ClCompile>
    <ClCompile Include="..\..\src\game\Objects\Scene\Ship.cpp">
      <Filter>game\Objects\Scene</Filter>
    </ClCompile>
    <ClCompile Include="..\..\src\game\Controllers\CollisionManager.cpp">
      <Filter>game\Controllers\Collision</Filter>
    </ClCompile>
  </ItemGroup>
  <ItemGroup>
    <ClInclude Include="..\..\src\Precompiled.h" />
    <ClInclude Include="..\..\src\win\EsUtils_win.h">
      <Filter>win</Filter>
    </ClInclude>
    <ClInclude Include="..\..\src\utils\CustomGLTypes.h">
      <Filter>utils</Filter>
    </ClInclude>
    <ClInclude Include="..\..\src\utils\FileUtils.h">
      <Filter>utils</Filter>
    </ClInclude>
    <ClInclude Include="..\..\src\utils\Singleton.h">
      <Filter>utils</Filter>
    </ClInclude>
    <ClInclude Include="..\..\src\game\States\State.h">
      <Filter>game\States</Filter>
    </ClInclude>
    <ClInclude Include="..\..\src\game\States\StateMachine.h">
      <Filter>game\States</Filter>
    </ClInclude>
    <ClInclude Include="..\..\src\game\States\GameplayState.h">
      <Filter>game\States</Filter>
    </ClInclude>
    <ClInclude Include="..\..\src\game\Objects\GameObject.h">
      <Filter>game\Objects</Filter>
    </ClInclude>
    <ClInclude Include="..\..\src\game\Objects\Shape\Shape.h">
      <Filter>game\Objects\Shape</Filter>
    </ClInclude>
    <ClInclude Include="..\..\src\game\Objects\Sprite.h">
      <Filter>game\Objects</Filter>
    </ClInclude>
    <ClInclude Include="..\..\src\game\Objects\Stars\Star.h">
      <Filter>game\Objects\Stars</Filter>
    </ClInclude>
    <ClInclude Include="..\..\src\game\Objects\GUI\GuiManager.h">
      <Filter>game\Objects\GUI</Filter>
    </ClInclude>
    <ClInclude Include="..\..\src\game\Objects\GUI\BasicWidget.h">
      <Filter>game\Objects\GUI</Filter>
    </ClInclude>
    <ClInclude Include="..\..\src\game\Objects\GUI\ButtonWidget.h">
      <Filter>game\Objects\GUI</Filter>
    </ClInclude>
    <ClInclude Include="..\..\src\game\Objects\GUI\SliderWidget.h">
      <Filter>game\Objects\GUI</Filter>
    </ClInclude>
    <ClInclude Include="..\..\src\game\Objects\GUI\Widget.h">
      <Filter>game\Objects\GUI</Filter>
    </ClInclude>
    <ClInclude Include="..\..\src\game\Controllers\Painter.h">
      <Filter>game\Controllers\Painter</Filter>
    </ClInclude>
    <ClInclude Include="..\..\src\game\Controllers\ShaderManager.h">
      <Filter>game\Controllers\Shader</Filter>
    </ClInclude>
    <ClInclude Include="..\..\src\game\Controllers\TextureManager.h">
      <Filter>game\Controllers\Texture</Filter>
    </ClInclude>
    <ClInclude Include="..\..\src\game\Controllers\SpriteManager.h">
      <Filter>game\Controllers\Sprite</Filter>
    </ClInclude>
    <ClInclude Include="..\..\src\game\Controllers\Touch.h">
      <Filter>game\Controllers\Touch</Filter>
    </ClInclude>
    <ClInclude Include="..\..\src\game\Controllers\TouchReceiver.h">
      <Filter>game\Controllers\Touch</Filter>
    </ClInclude>
    <ClInclude Include="..\..\src\game\Controllers\TouchManager.h">
      <Filter>game\Controllers\Touch</Filter>
    </ClInclude>
    <ClInclude Include="..\..\src\game\Objects\Animations\Animation.h">
      <Filter>game\Objects\Animations</Filter>
    </ClInclude>
    <ClInclude Include="..\..\src\game\Objects\Scene\LaserBeam.h">
      <Filter>game\Objects\Scene</Filter>
    </ClInclude>
    <ClInclude Include="..\..\src\win\AppDelegate.h">
      <Filter>win</Filter>
    </ClInclude>
    <ClInclude Include="..\..\src\game\GameDelegate.h">
      <Filter>game</Filter>
    </ClInclude>
    <ClInclude Include="..\..\src\game\Objects\Scene\Collidable.h">
      <Filter>game\Objects\Scene</Filter>
    </ClInclude>
    <ClInclude Include="..\..\src\game\Objects\Scene\Ship.h">
      <Filter>game\Objects\Scene</Filter>
    </ClInclude>
    <ClInclude Include="..\..\src\game\Controllers\Camera.h">
      <Filter>game\Controllers\Painter</Filter>
    </ClInclude>
    <ClInclude Include="..\..\src\game\Controllers\ShaderAttributes.h">
      <Filter>game\Controllers\Shader</Filter>
    </ClInclude>
    <ClInclude Include="..\..\src\game\Controllers\CollisionManager.h">
      <Filter>game\Controllers\Collision</Filter>
    </ClInclude>
    <ClInclude Include="..\..\src\collisions.h">
      <Filter>game\Controllers\Collision</Filter>
    </ClInclude>
    <ClInclude Include="..\..\src\sprites.h">
      <Filter>game\Controllers\Sprite</Filter>
    </ClInclude>
  </ItemGroup>
</Project>